{
  "lockfileVersion": 1,
  "configVersion": 1,
  "workspaces": {
    "": {
      "name": "mk-combos",
      "devDependencies": {
        "turbo": "2.10.2",
        "typescript": "6.0.3",
      },
    },
  },
  "packages": {
    "@turbo/darwin-64": ["@turbo/darwin-64@2.10.2", "", { "os": "darwin", "cpu": "x64" }, "sha512-wBM3ObqOWnKUDmg7QfUFDkDHPFUAJmrYlYqmEM8jMPAPA/I6wRJIbWimeQUqhOiQ8xPKhzyWM+xaiUP0wz8FEQ=="],

    "@turbo/darwin-arm64": ["@turbo/darwin-arm64@2.10.2", "", { "os": "darwin", "cpu": "arm64" }, "sha512-/Cq0joWnuMjDPfhjbFP4sv+C/7gkQ415zlaO4XUzD5EZxbtrKgXKvuuydMvogG8GeUnN1aDltW71RlmEfpjbyw=="],

    "@turbo/linux-64": ["@turbo/linux-64@2.10.2", "", { "os": "linux", "cpu": "x64" }, "sha512-mMsf5IIhiKuceEXNstd25IbadjBXZ0amxzFOqliEzJX6HyeeHdBQPVSY583PWqYDyqM/FB8d5ZjkthfBSeuH3Q=="],

    "@turbo/linux-arm64": ["@turbo/linux-arm64@2.10.2", "", { "os": "linux", "cpu": "arm64" }, "sha512-Wcng1i2kaKmXutmwxT9MUoYZvdaIekXAdlGr4+0TpgbhGLw7nDuEcRBFrxb5BbRoX1d1q8SpdRxLc45TvDZIdQ=="],

    "@turbo/windows-64": ["@turbo/windows-64@2.10.2", "", { "os": "win32", "cpu": "x64" }, "sha512-SsNhM7Ho7EpAdwtrJKBOic9Hso23vu6Dp0gAfLOvUFjPzurr/sGQlXZEvr6z89ne4RDOypTwz5CBDrixpMKtXw=="],

    "@turbo/windows-arm64": ["@turbo/windows-arm64@2.10.2", "", { "os": "win32", "cpu": "arm64" }, "sha512-Gf+S7ICAdimT/n02bOuVWKvhHnct/HYjZg3oBNIz5hZ9ZyWHbQim9J3P5Qip8WpX0ksxF7eaBVziJCuLnjhqDg=="],

    "turbo": ["turbo@2.10.2", "", { "optionalDependencies": { "@turbo/darwin-64": "2.10.2", "@turbo/darwin-arm64": "2.10.2", "@turbo/linux-64": "2.10.2", "@turbo/linux-arm64": "2.10.2", "@turbo/windows-64": "2.10.2", "@turbo/windows-arm64": "2.10.2" }, "bin": { "turbo": "bin/turbo" } }, "sha512-wTExrNrRjB8qzIcg+ZLm0A3GFNLDsWNwdS/RBXB0FPrBDyzk3i96Yx+TxWZC7a0k1SIreFB8ciUbxjmEqTH8IQ=="],

    "typescript": ["typescript@6.0.3", "", { "bin": { "tsc": "bin/tsc", "tsserver": "bin/tsserver" } }, "sha512-y2TvuxSZPDyQakkFRPZHKFm+KKVqIisdg9/CZwm9ftvKXLP8NRWj38/ODjNbr43SsoXqNuAisEf1GdCxqWcdBw=="],
  }
}
